// !$*UTF8*$!
{
	archiveVersion = 1;
	classes = {
	};
	objectVersion = 56;
	objects = {

/* Begin PBXBuildFile section */
		6D0D1EA42AFF427900A4C232 /* Fetch_RecipeBrowserApp.swift in Sources */ = {isa = PBXBuildFile; fileRef = 6D0D1EA32AFF427900A4C232 /* Fetch_RecipeBrowserApp.swift */; };
		6D0D1EA82AFF427D00A4C232 /* Assets.xcassets in Resources */ = {isa = PBXBuildFile; fileRef = 6D0D1EA72AFF427D00A4C232 /* Assets.xcassets */; };
		6D0D1EAB2AFF427D00A4C232 /* Preview Assets.xcassets in Resources */ = {isa = PBXBuildFile; fileRef = 6D0D1EAA2AFF427D00A4C232 /* Preview Assets.xcassets */; };
		6D597E3A2AFF4409000D2B7F /* RecipeList.swift in Sources */ = {isa = PBXBuildFile; fileRef = 6D597E392AFF4409000D2B7F /* RecipeList.swift */; };
		6D597E3E2AFF4496000D2B7F /* RecipeViewModel.swift in Sources */ = {isa = PBXBuildFile; fileRef = 6D597E3D2AFF4496000D2B7F /* RecipeViewModel.swift */; };
		6D597E422AFF45B1000D2B7F /* Recipe.swift in Sources */ = {isa = PBXBuildFile; fileRef = 6D597E412AFF45B1000D2B7F /* Recipe.swift */; };
		6D597E462AFF4853000D2B7F /* URLService.swift in Sources */ = {isa = PBXBuildFile; fileRef = 6D597E452AFF4853000D2B7F /* URLService.swift */; };
		6D597E482AFFEEC2000D2B7F /* Loader.swift in Sources */ = {isa = PBXBuildFile; fileRef = 6D597E472AFFEEC2000D2B7F /* Loader.swift */; };
		6D597E4B2AFFEF61000D2B7F /* IsHidden.swift in Sources */ = {isa = PBXBuildFile; fileRef = 6D597E4A2AFFEF61000D2B7F /* IsHidden.swift */; };
		6D597E4D2AFFF151000D2B7F /* ImageRequestHandler.swift in Sources */ = {isa = PBXBuildFile; fileRef = 6D597E4C2AFFF151000D2B7F /* ImageRequestHandler.swift */; };
		6D597E512AFFFDFB000D2B7F /* RecipeDetail.swift in Sources */ = {isa = PBXBuildFile; fileRef = 6D597E502AFFFDFB000D2B7F /* RecipeDetail.swift */; };
		6D597E532AFFFFDC000D2B7F /* Detail.swift in Sources */ = {isa = PBXBuildFile; fileRef = 6D597E522AFFFFDC000D2B7F /* Detail.swift */; };
		6D597E552B000FE0000D2B7F /* RecipeCell.swift in Sources */ = {isa = PBXBuildFile; fileRef = 6D597E542B000FE0000D2B7F /* RecipeCell.swift */; };
		6D597E572B001294000D2B7F /* DisplayDetails.swift in Sources */ = {isa = PBXBuildFile; fileRef = 6D597E562B001294000D2B7F /* DisplayDetails.swift */; };
		6D597E592B00129C000D2B7F /* DisplayRecipe.swift in Sources */ = {isa = PBXBuildFile; fileRef = 6D597E582B00129C000D2B7F /* DisplayRecipe.swift */; };
		6D597E642B002768000D2B7F /* Fetch_RecipeBrowserTests.swift in Sources */ = {isa = PBXBuildFile; fileRef = 6D597E632B002768000D2B7F /* Fetch_RecipeBrowserTests.swift */; };
/* End PBXBuildFile section */

/* Begin PBXContainerItemProxy section */
		6D597E652B002768000D2B7F /* PBXContainerItemProxy */ = {
			isa = PBXContainerItemProxy;
			containerPortal = 6D0D1E982AFF427900A4C232 /* Project object */;
			proxyType = 1;
			remoteGlobalIDString = 6D0D1E9F2AFF427900A4C232;
			remoteInfo = "Fetch-RecipeBrowser";
		};
/* End PBXContainerItemProxy section */

/* Begin PBXFileReference section */
		6D0D1EA02AFF427900A4C232 /* Fetch-RecipeBrowser.app */ = {isa = PBXFileReference; explicitFileType = wrapper.application; includeInIndex = 0; path = "Fetch-RecipeBrowser.app"; sourceTree = BUILT_PRODUCTS_DIR; };
		6D0D1EA32AFF427900A4C232 /* Fetch_RecipeBrowserApp.swift */ = {isa = PBXFileReference; lastKnownFileType = sourcecode.swift; path = Fetch_RecipeBrowserApp.swift; sourceTree = "<group>"; };
		6D0D1EA72AFF427D00A4C232 /* Assets.xcassets */ = {isa = PBXFileReference; lastKnownFileType = folder.assetcatalog; path = Assets.xcassets; sourceTree = "<group>"; };
		6D0D1EAA2AFF427D00A4C232 /* Preview Assets.xcassets */ = {isa = PBXFileReference; lastKnownFileType = folder.assetcatalog; path = "Preview Assets.xcassets"; sourceTree = "<group>"; };
		6D597E392AFF4409000D2B7F /* RecipeList.swift */ = {isa = PBXFileReference; lastKnownFileType = sourcecode.swift; path = RecipeList.swift; sourceTree = "<group>"; };
		6D597E3D2AFF4496000D2B7F /* RecipeViewModel.swift */ = {isa = PBXFileReference; lastKnownFileType = sourcecode.swift; path = RecipeViewModel.swift; sourceTree = "<group>"; };
		6D597E412AFF45B1000D2B7F /* Recipe.swift */ = {isa = PBXFileReference; lastKnownFileType = sourcecode.swift; path = Recipe.swift; sourceTree = "<group>"; };
		6D597E452AFF4853000D2B7F /* URLService.swift */ = {isa = PBXFileReference; lastKnownFileType = sourcecode.swift; path = URLService.swift; sourceTree = "<group>"; };
		6D597E472AFFEEC2000D2B7F /* Loader.swift */ = {isa = PBXFileReference; lastKnownFileType = sourcecode.swift; path = Loader.swift; sourceTree = "<group>"; };
		6D597E4A2AFFEF61000D2B7F /* IsHidden.swift */ = {isa = PBXFileReference; lastKnownFileType = sourcecode.swift; path = IsHidden.swift; sourceTree = "<group>"; };
		6D597E4C2AFFF151000D2B7F /* ImageRequestHandler.swift */ = {isa = PBXFileReference; lastKnownFileType = sourcecode.swift; path = ImageRequestHandler.swift; sourceTree = "<group>"; };
		6D597E502AFFFDFB000D2B7F /* RecipeDetail.swift */ = {isa = PBXFileReference; lastKnownFileType = sourcecode.swift; path = RecipeDetail.swift; sourceTree = "<group>"; };
		6D597E522AFFFFDC000D2B7F /* Detail.swift */ = {isa = PBXFileReference; lastKnownFileType = sourcecode.swift; path = Detail.swift; sourceTree = "<group>"; };
		6D597E542B000FE0000D2B7F /* RecipeCell.swift */ = {isa = PBXFileReference; lastKnownFileType = sourcecode.swift; path = RecipeCell.swift; sourceTree = "<group>"; };
		6D597E562B001294000D2B7F /* DisplayDetails.swift */ = {isa = PBXFileReference; lastKnownFileType = sourcecode.swift; path = DisplayDetails.swift; sourceTree = "<group>"; };
		6D597E582B00129C000D2B7F /* DisplayRecipe.swift */ = {isa = PBXFileReference; lastKnownFileType = sourcecode.swift; path = DisplayRecipe.swift; sourceTree = "<group>"; };
		6D597E612B002768000D2B7F /* Fetch-RecipeBrowserTests.xctest */ = {isa = PBXFileReference; explicitFileType = wrapper.cfbundle; includeInIndex = 0; path = "Fetch-RecipeBrowserTests.xctest"; sourceTree = BUILT_PRODUCTS_DIR; };
		6D597E632B002768000D2B7F /* Fetch_RecipeBrowserTests.swift */ = {isa = PBXFileReference; lastKnownFileType = sourcecode.swift; path = Fetch_RecipeBrowserTests.swift; sourceTree = "<group>"; };
/* End PBXFileReference section */

/* Begin PBXFrameworksBuildPhase section */
		6D0D1E9D2AFF427900A4C232 /* Frameworks */ = {
			isa = PBXFrameworksBuildPhase;
			buildActionMask = 2147483647;
			files = (
			);
			runOnlyForDeploymentPostprocessing = 0;
		};
		6D597E5E2B002768000D2B7F /* Frameworks */ = {
			isa = PBXFrameworksBuildPhase;
			buildActionMask = 2147483647;
			files = (
			);
			runOnlyForDeploymentPostprocessing = 0;
		};
/* End PBXFrameworksBuildPhase section */

/* Begin PBXGroup section */
		6D0D1E972AFF427900A4C232 = {
			isa = PBXGroup;
			children = (
				6D0D1EA22AFF427900A4C232 /* Fetch-RecipeBrowser */,
				6D597E622B002768000D2B7F /* Fetch-RecipeBrowserTests */,
				6D0D1EA12AFF427900A4C232 /* Products */,
			);
			sourceTree = "<group>";
		};
		6D0D1EA12AFF427900A4C232 /* Products */ = {
			isa = PBXGroup;
			children = (
				6D0D1EA02AFF427900A4C232 /* Fetch-RecipeBrowser.app */,
				6D597E612B002768000D2B7F /* Fetch-RecipeBrowserTests.xctest */,
			);
			name = Products;
			sourceTree = "<group>";
		};
		6D0D1EA22AFF427900A4C232 /* Fetch-RecipeBrowser */ = {
			isa = PBXGroup;
			children = (
				6D597E362AFF43AA000D2B7F /* App Files */,
				6D597E442AFF4824000D2B7F /* Networking */,
				6D597E382AFF43BA000D2B7F /* Views */,
				6D597E432AFF45F4000D2B7F /* View Models */,
				6D597E372AFF43B4000D2B7F /* Models */,
				6D597E332AFF435F000D2B7F /* Resources */,
				6D0D1EA92AFF427D00A4C232 /* Preview Content */,
			);
			path = "Fetch-RecipeBrowser";
			sourceTree = "<group>";
		};
		6D0D1EA92AFF427D00A4C232 /* Preview Content */ = {
			isa = PBXGroup;
			children = (
				6D0D1EAA2AFF427D00A4C232 /* Preview Assets.xcassets */,
			);
			path = "Preview Content";
			sourceTree = "<group>";
		};
		6D597E332AFF435F000D2B7F /* Resources */ = {
			isa = PBXGroup;
			children = (
				6D0D1EA72AFF427D00A4C232 /* Assets.xcassets */,
			);
			path = Resources;
			sourceTree = "<group>";
		};
		6D597E362AFF43AA000D2B7F /* App Files */ = {
			isa = PBXGroup;
			children = (
				6D0D1EA32AFF427900A4C232 /* Fetch_RecipeBrowserApp.swift */,
			);
			path = "App Files";
			sourceTree = "<group>";
		};
		6D597E372AFF43B4000D2B7F /* Models */ = {
			isa = PBXGroup;
			children = (
				6D597E412AFF45B1000D2B7F /* Recipe.swift */,
				6D597E522AFFFFDC000D2B7F /* Detail.swift */,
				6D597E5A2B00129E000D2B7F /* Display */,
			);
			path = Models;
			sourceTree = "<group>";
		};
		6D597E382AFF43BA000D2B7F /* Views */ = {
			isa = PBXGroup;
			children = (
				6D597E492AFFEF5B000D2B7F /* Modifiers */,
				6D597E392AFF4409000D2B7F /* RecipeList.swift */,
				6D597E502AFFFDFB000D2B7F /* RecipeDetail.swift */,
				6D597E542B000FE0000D2B7F /* RecipeCell.swift */,
			);
			path = Views;
			sourceTree = "<group>";
		};
		6D597E432AFF45F4000D2B7F /* View Models */ = {
			isa = PBXGroup;
			children = (
				6D597E3D2AFF4496000D2B7F /* RecipeViewModel.swift */,
			);
			path = "View Models";
			sourceTree = "<group>";
		};
		6D597E442AFF4824000D2B7F /* Networking */ = {
			isa = PBXGroup;
			children = (
				6D597E452AFF4853000D2B7F /* URLService.swift */,
				6D597E4C2AFFF151000D2B7F /* ImageRequestHandler.swift */,
			);
			path = Networking;
			sourceTree = "<group>";
		};
		6D597E492AFFEF5B000D2B7F /* Modifiers */ = {
			isa = PBXGroup;
			children = (
				6D597E472AFFEEC2000D2B7F /* Loader.swift */,
				6D597E4A2AFFEF61000D2B7F /* IsHidden.swift */,
			);
			path = Modifiers;
			sourceTree = "<group>";
		};
		6D597E5A2B00129E000D2B7F /* Display */ = {
			isa = PBXGroup;
			children = (
				6D597E582B00129C000D2B7F /* DisplayRecipe.swift */,
				6D597E562B001294000D2B7F /* DisplayDetails.swift */,
			);
			path = Display;
			sourceTree = "<group>";
		};
		6D597E622B002768000D2B7F /* Fetch-RecipeBrowserTests */ = {
			isa = PBXGroup;
			children = (
				6D597E632B002768000D2B7F /* Fetch_RecipeBrowserTests.swift */,
			);
			path = "Fetch-RecipeBrowserTests";
			sourceTree = "<group>";
		};
/* End PBXGroup section */

/* Begin PBXNativeTarget section */
		6D0D1E9F2AFF427900A4C232 /* Fetch-RecipeBrowser */ = {
			isa = PBXNativeTarget;
			buildConfigurationList = 6D0D1EAE2AFF427D00A4C232 /* Build configuration list for PBXNativeTarget "Fetch-RecipeBrowser" */;
			buildPhases = (
				6D0D1E9C2AFF427900A4C232 /* Sources */,
				6D0D1E9D2AFF427900A4C232 /* Frameworks */,
				6D0D1E9E2AFF427900A4C232 /* Resources */,
			);
			buildRules = (
			);
			dependencies = (
			);
			name = "Fetch-RecipeBrowser";
			productName = "Fetch-RecipeBrowser";
			productReference = 6D0D1EA02AFF427900A4C232 /* Fetch-RecipeBrowser.app */;
			productType = "com.apple.product-type.application";
		};
		6D597E602B002768000D2B7F /* Fetch-RecipeBrowserTests */ = {
			isa = PBXNativeTarget;
			buildConfigurationList = 6D597E672B002768000D2B7F /* Build configuration list for PBXNativeTarget "Fetch-RecipeBrowserTests" */;
			buildPhases = (
				6D597E5D2B002768000D2B7F /* Sources */,
				6D597E5E2B002768000D2B7F /* Frameworks */,
				6D597E5F2B002768000D2B7F /* Resources */,
			);
			buildRules = (
			);
			dependencies = (
				6D597E662B002768000D2B7F /* PBXTargetDependency */,
			);
			name = "Fetch-RecipeBrowserTests";
			productName = "Fetch-RecipeBrowserTests";
			productReference = 6D597E612B002768000D2B7F /* Fetch-RecipeBrowserTests.xctest */;
			productType = "com.apple.product-type.bundle.unit-test";
		};
/* End PBXNativeTarget section */

/* Begin PBXProject section */
		6D0D1E982AFF427900A4C232 /* Project object */ = {
			isa = PBXProject;
			attributes = {
				BuildIndependentTargetsInParallel = 1;
				LastSwiftUpdateCheck = 1500;
				LastUpgradeCheck = 1500;
				TargetAttributes = {
					6D0D1E9F2AFF427900A4C232 = {
						CreatedOnToolsVersion = 15.0.1;
					};
					6D597E602B002768000D2B7F = {
						CreatedOnToolsVersion = 15.0.1;
						TestTargetID = 6D0D1E9F2AFF427900A4C232;
					};
				};
			};
			buildConfigurationList = 6D0D1E9B2AFF427900A4C232 /* Build configuration list for PBXProject "Fetch-RecipeBrowser" */;
			compatibilityVersion = "Xcode 14.0";
			developmentRegion = en;
			hasScannedForEncodings = 0;
			knownRegions = (
				en,
				Base,
			);
			mainGroup = 6D0D1E972AFF427900A4C232;
			productRefGroup = 6D0D1EA12AFF427900A4C232 /* Products */;
			projectDirPath = "";
			projectRoot = "";
			targets = (
				6D0D1E9F2AFF427900A4C232 /* Fetch-RecipeBrowser */,
				6D597E602B002768000D2B7F /* Fetch-RecipeBrowserTests */,
			);
		};
/* End PBXProject section */

/* Begin PBXResourcesBuildPhase section */
		6D0D1E9E2AFF427900A4C232 /* Resources */ = {
			isa = PBXResourcesBuildPhase;
			buildActionMask = 2147483647;
			files = (
				6D0D1EAB2AFF427D00A4C232 /* Preview Assets.xcassets in Resources */,
				6D0D1EA82AFF427D00A4C232 /* Assets.xcassets in Resources */,
			);
			runOnlyForDeploymentPostprocessing = 0;
		};
		6D597E5F2B002768000D2B7F /* Resources */ = {
			isa = PBXResourcesBuildPhase;
			buildActionMask = 2147483647;
			files = (
			);
			runOnlyForDeploymentPostprocessing = 0;
		};
/* End PBXResourcesBuildPhase section */

/* Begin PBXSourcesBuildPhase section */
		6D0D1E9C2AFF427900A4C232 /* Sources */ = {
			isa = PBXSourcesBuildPhase;
			buildActionMask = 2147483647;
			files = (
				6D597E3A2AFF4409000D2B7F /* RecipeList.swift in Sources */,
				6D597E422AFF45B1000D2B7F /* Recipe.swift in Sources */,
				6D597E4B2AFFEF61000D2B7F /* IsHidden.swift in Sources */,
				6D597E552B000FE0000D2B7F /* RecipeCell.swift in Sources */,
				6D0D1EA42AFF427900A4C232 /* Fetch_RecipeBrowserApp.swift in Sources */,
				6D597E572B001294000D2B7F /* DisplayDetails.swift in Sources */,
				6D597E3E2AFF4496000D2B7F /* RecipeViewModel.swift in Sources */,
				6D597E512AFFFDFB000D2B7F /* RecipeDetail.swift in Sources */,
				6D597E462AFF4853000D2B7F /* URLService.swift in Sources */,
				6D597E4D2AFFF151000D2B7F /* ImageRequestHandler.swift in Sources */,
				6D597E532AFFFFDC000D2B7F /* Detail.swift in Sources */,
				6D597E592B00129C000D2B7F /* DisplayRecipe.swift in Sources */,
				6D597E482AFFEEC2000D2B7F /* Loader.swift in Sources */,
			);
			runOnlyForDeploymentPostprocessing = 0;
		};
		6D597E5D2B002768000D2B7F /* Sources */ = {
			isa = PBXSourcesBuildPhase;
			buildActionMask = 2147483647;
			files = (
				6D597E642B002768000D2B7F /* Fetch_RecipeBrowserTests.swift in Sources */,
			);
			runOnlyForDeploymentPostprocessing = 0;
		};
/* End PBXSourcesBuildPhase section */

/* Begin PBXTargetDependency section */
		6D597E662B002768000D2B7F /* PBXTargetDependency */ = {
			isa = PBXTargetDependency;
			target = 6D0D1E9F2AFF427900A4C232 /* Fetch-RecipeBrowser */;
			targetProxy = 6D597E652B002768000D2B7F /* PBXContainerItemProxy */;
		};
/* End PBXTargetDependency section */

/* Begin XCBuildConfiguration section */
		6D0D1EAC2AFF427D00A4C232 /* Debug */ = {
			isa = XCBuildConfiguration;
			buildSettings = {
				ALWAYS_SEARCH_USER_PATHS = NO;
				ASSETCATALOG_COMPILER_GENERATE_SWIFT_ASSET_SYMBOL_EXTENSIONS = YES;
				CLANG_ANALYZER_NONNULL = YES;
				CLANG_ANALYZER_NUMBER_OBJECT_CONVERSION = YES_AGGRESSIVE;
				CLANG_CXX_LANGUAGE_STANDARD = "gnu++20";
				CLANG_ENABLE_MODULES = YES;
				CLANG_ENABLE_OBJC_ARC = YES;
				CLANG_ENABLE_OBJC_WEAK = YES;
				CLANG_WARN_BLOCK_CAPTURE_AUTORELEASING = YES;
				CLANG_WARN_BOOL_CONVERSION = YES;
				CLANG_WARN_COMMA = YES;
				CLANG_WARN_CONSTANT_CONVERSION = YES;
				CLANG_WARN_DEPRECATED_OBJC_IMPLEMENTATIONS = YES;
				CLANG_WARN_DIRECT_OBJC_ISA_USAGE = YES_ERROR;
				CLANG_WARN_DOCUMENTATION_COMMENTS = YES;
				CLANG_WARN_EMPTY_BODY = YES;
				CLANG_WARN_ENUM_CONVERSION = YES;
				CLANG_WARN_INFINITE_RECURSION = YES;
				CLANG_WARN_INT_CONVERSION = YES;
				CLANG_WARN_NON_LITERAL_NULL_CONVERSION = YES;
				CLANG_WARN_OBJC_IMPLICIT_RETAIN_SELF = YES;
				CLANG_WARN_OBJC_LITERAL_CONVERSION = YES;
				CLANG_WARN_OBJC_ROOT_CLASS = YES_ERROR;
				CLANG_WARN_QUOTED_INCLUDE_IN_FRAMEWORK_HEADER = YES;
				CLANG_WARN_RANGE_LOOP_ANALYSIS = YES;
				CLANG_WARN_STRICT_PROTOTYPES = YES;
				CLANG_WARN_SUSPICIOUS_MOVE = YES;
				CLANG_WARN_UNGUARDED_AVAILABILITY = YES_AGGRESSIVE;
				CLANG_WARN_UNREACHABLE_CODE = YES;
				CLANG_WARN__DUPLICATE_METHOD_MATCH = YES;
				COPY_PHASE_STRIP = NO;
				DEBUG_INFORMATION_FORMAT = dwarf;
				ENABLE_STRICT_OBJC_MSGSEND = YES;
				ENABLE_TESTABILITY = YES;
				ENABLE_USER_SCRIPT_SANDBOXING = YES;
				GCC_C_LANGUAGE_STANDARD = gnu17;
				GCC_DYNAMIC_NO_PIC = NO;
				GCC_NO_COMMON_BLOCKS = YES;
				GCC_OPTIMIZATION_LEVEL = 0;
				GCC_PREPROCESSOR_DEFINITIONS = (
					"DEBUG=1",
					"$(inherited)",
				);
				GCC_WARN_64_TO_32_BIT_CONVERSION = YES;
				GCC_WARN_ABOUT_RETURN_TYPE = YES_ERROR;
				GCC_WARN_UNDECLARED_SELECTOR = YES;
				GCC_WARN_UNINITIALIZED_AUTOS = YES_AGGRESSIVE;
				GCC_WARN_UNUSED_FUNCTION = YES;
				GCC_WARN_UNUSED_VARIABLE = YES;
				IPHONEOS_DEPLOYMENT_TARGET = 17.0;
				LOCALIZATION_PREFERS_STRING_CATALOGS = YES;
				MTL_ENABLE_DEBUG_INFO = INCLUDE_SOURCE;
				MTL_FAST_MATH = YES;
				ONLY_ACTIVE_ARCH = YES;
				SDKROOT = iphoneos;
				SWIFT_ACTIVE_COMPILATION_CONDITIONS = "DEBUG $(inherited)";
				SWIFT_OPTIMIZATION_LEVEL = "-Onone";
			};
			name = Debug;
		};
		6D0D1EAD2AFF427D00A4C232 /* Release */ = {
			isa = XCBuildConfiguration;
			buildSettings = {
				ALWAYS_SEARCH_USER_PATHS = NO;
				ASSETCATALOG_COMPILER_GENERATE_SWIFT_ASSET_SYMBOL_EXTENSIONS = YES;
				CLANG_ANALYZER_NONNULL = YES;
				CLANG_ANALYZER_NUMBER_OBJECT_CONVERSION = YES_AGGRESSIVE;
				CLANG_CXX_LANGUAGE_STANDARD = "gnu++20";
				CLANG_ENABLE_MODULES = YES;
				CLANG_ENABLE_OBJC_ARC = YES;
				CLANG_ENABLE_OBJC_WEAK = YES;
				CLANG_WARN_BLOCK_CAPTURE_AUTORELEASING = YES;
				CLANG_WARN_BOOL_CONVERSION = YES;
				CLANG_WARN_COMMA = YES;
				CLANG_WARN_CONSTANT_CONVERSION = YES;
				CLANG_WARN_DEPRECATED_OBJC_IMPLEMENTATIONS = YES;
				CLANG_WARN_DIRECT_OBJC_ISA_USAGE = YES_ERROR;
				CLANG_WARN_DOCUMENTATION_COMMENTS = YES;
				CLANG_WARN_EMPTY_BODY = YES;
				CLANG_WARN_ENUM_CONVERSION = YES;
				CLANG_WARN_INFINITE_RECURSION = YES;
				CLANG_WARN_INT_CONVERSION = YES;
				CLANG_WARN_NON_LITERAL_NULL_CONVERSION = YES;
				CLANG_WARN_OBJC_IMPLICIT_RETAIN_SELF = YES;
				CLANG_WARN_OBJC_LITERAL_CONVERSION = YES;
				CLANG_WARN_OBJC_ROOT_CLASS = YES_ERROR;
				CLANG_WARN_QUOTED_INCLUDE_IN_FRAMEWORK_HEADER = YES;
				CLANG_WARN_RANGE_LOOP_ANALYSIS = YES;
				CLANG_WARN_STRICT_PROTOTYPES = YES;
				CLANG_WARN_SUSPICIOUS_MOVE = YES;
				CLANG_WARN_UNGUARDED_AVAILABILITY = YES_AGGRESSIVE;
				CLANG_WARN_UNREACHABLE_CODE = YES;
				CLANG_WARN__DUPLICATE_METHOD_MATCH = YES;
				COPY_PHASE_STRIP = NO;
				DEBUG_INFORMATION_FORMAT = "dwarf-with-dsym";
				ENABLE_NS_ASSERTIONS = NO;
				ENABLE_STRICT_OBJC_MSGSEND = YES;
				ENABLE_USER_SCRIPT_SANDBOXING = YES;
				GCC_C_LANGUAGE_STANDARD = gnu17;
				GCC_NO_COMMON_BLOCKS = YES;
				GCC_WARN_64_TO_32_BIT_CONVERSION = YES;
				GCC_WARN_ABOUT_RETURN_TYPE = YES_ERROR;
				GCC_WARN_UNDECLARED_SELECTOR = YES;
				GCC_WARN_UNINITIALIZED_AUTOS = YES_AGGRESSIVE;
				GCC_WARN_UNUSED_FUNCTION = YES;
				GCC_WARN_UNUSED_VARIABLE = YES;
				IPHONEOS_DEPLOYMENT_TARGET = 17.0;
				LOCALIZATION_PREFERS_STRING_CATALOGS = YES;
				MTL_ENABLE_DEBUG_INFO = NO;
				MTL_FAST_MATH = YES;
				SDKROOT = iphoneos;
				SWIFT_COMPILATION_MODE = wholemodule;
				VALIDATE_PRODUCT = YES;
			};
			name = Release;
		};
		6D0D1EAF2AFF427D00A4C232 /* Debug */ = {
			isa = XCBuildConfiguration;
			buildSettings = {
				ASSETCATALOG_COMPILER_APPICON_NAME = AppIcon;
				ASSETCATALOG_COMPILER_GLOBAL_ACCENT_COLOR_NAME = AccentColor;
				CODE_SIGN_STYLE = Automatic;
				CURRENT_PROJECT_VERSION = 1;
				DEVELOPMENT_ASSET_PATHS = "\"Fetch-RecipeBrowser/Preview Content\"";
				DEVELOPMENT_TEAM = Q89A379BUF;
				ENABLE_PREVIEWS = YES;
				GENERATE_INFOPLIST_FILE = YES;
				INFOPLIST_KEY_UIApplicationSceneManifest_Generation = YES;
				INFOPLIST_KEY_UIApplicationSupportsIndirectInputEvents = YES;
				INFOPLIST_KEY_UILaunchScreen_Generation = YES;
				INFOPLIST_KEY_UISupportedInterfaceOrientations_iPad = "UIInterfaceOrientationPortrait UIInterfaceOrientationPortraitUpsideDown UIInterfaceOrientationLandscapeLeft UIInterfaceOrientationLandscapeRight";
				INFOPLIST_KEY_UISupportedInterfaceOrientations_iPhone = "UIInterfaceOrientationPortrait UIInterfaceOrientationLandscapeLeft UIInterfaceOrientationLandscapeRight";
				IPHONEOS_DEPLOYMENT_TARGET = 16.6;
				LD_RUNPATH_SEARCH_PATHS = (
					"$(inherited)",
					"@executable_path/Frameworks",
				);
				MARKETING_VERSION = 1.0;
				PRODUCT_BUNDLE_IDENTIFIER = "Solas.Fetch-RecipeBrowser";
				PRODUCT_NAME = "$(TARGET_NAME)";
				SWIFT_EMIT_LOC_STRINGS = YES;
				SWIFT_VERSION = 5.0;
				TARGETED_DEVICE_FAMILY = "1,2";
			};
			name = Debug;
		};
		6D0D1EB02AFF427D00A4C232 /* Release */ = {
			isa = XCBuildConfiguration;
			buildSettings = {
				ASSETCATALOG_COMPILER_APPICON_NAME = AppIcon;
				ASSETCATALOG_COMPILER_GLOBAL_ACCENT_COLOR_NAME = AccentColor;
				CODE_SIGN_STYLE = Automatic;
				CURRENT_PROJECT_VERSION = 1;
				DEVELOPMENT_ASSET_PATHS = "\"Fetch-RecipeBrowser/Preview Content\"";
				DEVELOPMENT_TEAM = Q89A379BUF;
				ENABLE_PREVIEWS = YES;
				GENERATE_INFOPLIST_FILE = YES;
				INFOPLIST_KEY_UIApplicationSceneManifest_Generation = YES;
				INFOPLIST_KEY_UIApplicationSupportsIndirectInputEvents = YES;
				INFOPLIST_KEY_UILaunchScreen_Generation = YES;
				INFOPLIST_KEY_UISupportedInterfaceOrientations_iPad = "UIInterfaceOrientationPortrait UIInterfaceOrientationPortraitUpsideDown UIInterfaceOrientationLandscapeLeft UIInterfaceOrientationLandscapeRight";
				INFOPLIST_KEY_UISupportedInterfaceOrientations_iPhone = "UIInterfaceOrientationPortrait UIInterfaceOrientationLandscapeLeft UIInterfaceOrientationLandscapeRight";
				IPHONEOS_DEPLOYMENT_TARGET = 16.6;
				LD_RUNPATH_SEARCH_PATHS = (
					"$(inherited)",
					"@executable_path/Frameworks",
				);
				MARKETING_VERSION = 1.0;
				PRODUCT_BUNDLE_IDENTIFIER = "Solas.Fetch-RecipeBrowser";
				PRODUCT_NAME = "$(TARGET_NAME)";
				SWIFT_EMIT_LOC_STRINGS = YES;
				SWIFT_VERSION = 5.0;
				TARGETED_DEVICE_FAMILY = "1,2";
			};
			name = Release;
		};
		6D597E682B002768000D2B7F /* Debug */ = {
			isa = XCBuildConfiguration;
			buildSettings = {
				BUNDLE_LOADER = "$(TEST_HOST)";
				CODE_SIGN_STYLE = Automatic;
				CURRENT_PROJECT_VERSION = 1;
				DEVELOPMENT_TEAM = Q89A379BUF;
				GENERATE_INFOPLIST_FILE = YES;
				IPHONEOS_DEPLOYMENT_TARGET = 16.6;
				MARKETING_VERSION = 1.0;
				PRODUCT_BUNDLE_IDENTIFIER = "Solas.Fetch-RecipeBrowserTests";
				PRODUCT_NAME = "$(TARGET_NAME)";
				SWIFT_EMIT_LOC_STRINGS = NO;
				SWIFT_VERSION = 5.0;
				TARGETED_DEVICE_FAMILY = "1,2";
				TEST_HOST = "$(BUILT_PRODUCTS_DIR)/Fetch-RecipeBrowser.app/$(BUNDLE_EXECUTABLE_FOLDER_PATH)/Fetch-RecipeBrowser";
			};
			name = Debug;
		};
		6D597E692B002768000D2B7F /* Release */ = {
			isa = XCBuildConfiguration;
			buildSettings = {
				BUNDLE_LOADER = "$(TEST_HOST)";
				CODE_SIGN_STYLE = Automatic;
				CURRENT_PROJECT_VERSION = 1;
				DEVELOPMENT_TEAM = Q89A379BUF;
				GENERATE_INFOPLIST_FILE = YES;
				IPHONEOS_DEPLOYMENT_TARGET = 16.6;
				MARKETING_VERSION = 1.0;
				PRODUCT_BUNDLE_IDENTIFIER = "Solas.Fetch-RecipeBrowserTests";
				PRODUCT_NAME = "$(TARGET_NAME)";
				SWIFT_EMIT_LOC_STRINGS = NO;
				SWIFT_VERSION = 5.0;
				TARGETED_DEVICE_FAMILY = "1,2";
				TEST_HOST = "$(BUILT_PRODUCTS_DIR)/Fetch-RecipeBrowser.app/$(BUNDLE_EXECUTABLE_FOLDER_PATH)/Fetch-RecipeBrowser";
			};
			name = Release;
		};
/* End XCBuildConfiguration section */

/* Begin XCConfigurationList section */
		6D0D1E9B2AFF427900A4C232 /* Build configuration list for PBXProject "Fetch-RecipeBrowser" */ = {
			isa = XCConfigurationList;
			buildConfigurations = (
				6D0D1EAC2AFF427D00A4C232 /* Debug */,
				6D0D1EAD2AFF427D00A4C232 /* Release */,
			);
			defaultConfigurationIsVisible = 0;
			defaultConfigurationName = Release;
		};
		6D0D1EAE2AFF427D00A4C232 /* Build configuration list for PBXNativeTarget "Fetch-RecipeBrowser" */ = {
			isa = XCConfigurationList;
			buildConfigurations = (
				6D0D1EAF2AFF427D00A4C232 /* Debug */,
				6D0D1EB02AFF427D00A4C232 /* Release */,
			);
			defaultConfigurationIsVisible = 0;
			defaultConfigurationName = Release;
		};
		6D597E672B002768000D2B7F /* Build configuration list for PBXNativeTarget "Fetch-RecipeBrowserTests" */ = {
			isa = XCConfigurationList;
			buildConfigurations = (
				6D597E682B002768000D2B7F /* Debug */,
				6D597E692B002768000D2B7F /* Release */,
			);
			defaultConfigurationIsVisible = 0;
			defaultConfigurationName = Release;
		};
/* End XCConfigurationList section */
	};
	rootObject = 6D0D1E982AFF427900A4C232 /* Project object */;
}
